<?xml version="1.0" encoding="utf-8"?>
<Project ToolsVersion="4.0" xmlns="http://schemas.microsoft.com/developer/msbuild/2003">
  <ItemGroup>
    <Filter Include="Source Files">
      <UniqueIdentifier>{4FC737F1-C7A5-4376-A066-2A32D752A2FF}</UniqueIdentifier>
      <Extensions>cpp;c;cc;cxx;def;odl;idl;hpj;bat;asm;asmx</Extensions>
    </Filter>
    <Filter Include="Header Files">
      <UniqueIdentifier>{93995380-89BD-4b04-88EB-625FBE52EBFB}</UniqueIdentifier>
      <Extensions>h;hh;hpp;hxx;hm;inl;inc;xsd</Extensions>
    </Filter>
    <Filter Include="Resource Files">
      <UniqueIdentifier>{67DA6AB6-F800-4c08-8B7A-83BB121AAD01}</UniqueIdentifier>
      <Extensions>rc;ico;cur;bmp;dlg;rc2;rct;bin;rgs;gif;jpg;jpeg;jpe;resx;tiff;tif;png;wav;mfcribbon-ms</Extensions>
    </Filter>
    <Filter Include="Header Files\Helpers">
      <UniqueIdentifier>{42645d54-6f11-4752-96e4-fb9f97540a26}</UniqueIdentifier>
    </Filter>
    <Filter Include="Source Files\Helpers">
      <UniqueIdentifier>{f9729529-37ed-4ef7-9c38-418ff825e570}</UniqueIdentifier>
    </Filter>
    <Filter Include="Header Files\External">
      <UniqueIdentifier>{cebf0b1e-68dd-4814-8836-9335e3be6db2}</UniqueIdentifier>
    </Filter>
  </ItemGroup>
  <ItemGroup>
    <ClCompile Include="main.cpp">
      <Filter>Source Files</Filter>
    </ClCompile>
    <ClCompile Include="BusinessCard.cpp">
      <Filter>Source Files</Filter>
    </ClCompile>
    <ClCompile Include="bcr_common.cpp">
      <Filter>Source Files</Filter>
    </ClCompile>
    <ClCompile Include="BCReader.cpp">
      <Filter>Source Files</Filter>
    </ClCompile>
    <ClCompile Include="Quad.cpp">
      <Filter>Source Files</Filter>
    </ClCompile>
    <ClCompile Include="OCR.cpp">
      <Filter>Source Files</Filter>
    </ClCompile>
    <ClCompile Include="TextGroup.cpp">
      <Filter>Source Files</Filter>
    </ClCompile>
    <ClCompile Include="OCRText.cpp">
      <Filter>Source Files</Filter>
    </ClCompile>
    <ClCompile Include="string_helpers.cpp">
      <Filter>Source Files\Helpers</Filter>
    </ClCompile>
    <ClCompile Include="opencv_helpers.cpp">
      <Filter>Source Files\Helpers</Filter>
    </ClCompile>
    <ClCompile Include="math_helpercs.cpp">
      <Filter>Source Files\Helpers</Filter>
    </ClCompile>
    <ClCompile Include="container_helpers.cpp">
      <Filter>Source Files\Helpers</Filter>
    </ClCompile>
    <ClCompile Include="StringMatcher.cpp">
      <Filter>Source Files</Filter>
    </ClCompile>
    <ClCompile Include="BCRConfig.cpp">
      <Filter>Source Files</Filter>
    </ClCompile>
    <ClCompile Include="BCRTextClassifier.cpp">
      <Filter>Source Files</Filter>
    </ClCompile>
  </ItemGroup>
  <ItemGroup>
    <ClInclude Include="BusinessCard.h">
      <Filter>Header Files</Filter>
    </ClInclude>
    <ClInclude Include="bcr_common.h">
      <Filter>Header Files</Filter>
    </ClInclude>
    <ClInclude Include="BCReader.h">
      <Filter>Header Files</Filter>
    </ClInclude>
    <ClInclude Include="Quad.h">
      <Filter>Header Files</Filter>
    </ClInclude>
    <ClInclude Include="OCR.h">
      <Filter>Header Files</Filter>
    </ClInclude>
    <ClInclude Include="TextGroup.h">
      <Filter>Header Files</Filter>
    </ClInclude>
    <ClInclude Include="OCRText.h">
      <Filter>Header Files</Filter>
    </ClInclude>
    <ClInclude Include="string_helpers.h">
      <Filter>Header Files\Helpers</Filter>
    </ClInclude>
    <ClInclude Include="opencv_helpers.h">
      <Filter>Header Files\Helpers</Filter>
    </ClInclude>
    <ClInclude Include="math_helpers.h">
      <Filter>Header Files\Helpers</Filter>
    </ClInclude>
    <ClInclude Include="container_helpers.h">
      <Filter>Header Files\Helpers</Filter>
    </ClInclude>
    <ClInclude Include="bcr_debug.h">
      <Filter>Header Files</Filter>
    </ClInclude>
    <ClInclude Include="StringMatcher.h">
      <Filter>Header Files</Filter>
    </ClInclude>
    <ClInclude Include="BCRConfig.h">
      <Filter>Header Files</Filter>
    </ClInclude>
    <ClInclude Include="BCRTextClassifier.h">
      <Filter>Header Files</Filter>
    </ClInclude>
  </ItemGroup>
  <ItemGroup>
    <Text Include="TODO.txt" />
  </ItemGroup>
</Project>